
Microsoft Visual Studio Solution File, Format Version 12.00
# Visual Studio 2012
Project("{FAE04EC0-301F-11D3-BF4B-00C04F79EFBC}") = "Output", "Output\Output.csproj", "{C9EB8CFD-F011-4167-8C88-E2F3486ABECD}"
	ProjectSection(ProjectDependencies) = postProject
		{58477B4C-3A0C-41B6-84A2-12744B953C75} = {58477B4C-3A0C-41B6-84A2-12744B953C75}
	EndProjectSection
EndProject
Project("{FAE04EC0-301F-11D3-BF4B-00C04F79EFBC}") = "Input", "Input\Input.csproj", "{58477B4C-3A0C-41B6-84A2-12744B953C75}"
EndProject
Global
	GlobalSection(SolutionConfigurationPlatforms) = preSolution
		Debug|Any CPU = Debug|Any CPU
		Release|Any CPU = Release|Any CPU
	EndGlobalSection
	GlobalSection(ProjectConfigurationPlatforms) = postSolution
		{C9EB8CFD-F011-4167-8C88-E2F3486ABECD}.Debug|Any CPU.ActiveCfg = Debug|Any CPU
		{C9EB8CFD-F011-4167-8C88-E2F3486ABECD}.Debug|Any CPU.Build.0 = Debug|Any CPU
		{C9EB8CFD-F011-4167-8C88-E2F3486ABECD}.Release|Any CPU.ActiveCfg = Release|Any CPU
		{C9EB8CFD-F011-4167-8C88-E2F3486ABECD}.Release|Any CPU.Build.0 = Release|Any CPU
		{58477B4C-3A0C-41B6-84A2-12744B953C75}.Debug|Any CPU.ActiveCfg = Debug|Any CPU
		{58477B4C-3A0C-41B6-84A2-12744B953C75}.Debug|Any CPU.Build.0 = Debug|Any CPU
		{58477B4C-3A0C-41B6-84A2-12744B953C75}.Release|Any CPU.ActiveCfg = Release|Any CPU
		{58477B4C-3A0C-41B6-84A2-12744B953C75}.Release|Any CPU.Build.0 = Release|Any CPU
	EndGlobalSection
	GlobalSection(SolutionProperties) = preSolution
		HideSolutionNode = FALSE
	EndGlobalSection
EndGlobal
